
Microsoft Visual Studio Solution File, Format Version 12.00
# Visual Studio Version 16
VisualStudioVersion = 16.0.29424.173
MinimumVisualStudioVersion = 10.0.40219.1
Project("{9A19103F-16F7-4668-BE54-9A1E7A4F7556}") = "ExchangeAdvisor.Domain", "ExchangeAdvisor.Domain\ExchangeAdvisor.Domain.csproj", "{1C1155AB-EC37-47FF-A14D-3F83F5DA6BE5}"
EndProject
Project("{9A19103F-16F7-4668-BE54-9A1E7A4F7556}") = "ExchangeAdvisor.Tests.UnitTests.DomainTests", "ExchangeAdvisor.Tests.UnitTests.DomainTests\ExchangeAdvisor.Tests.UnitTests.DomainTests.csproj", "{F5D10002-3F4C-4A8F-9151-C5C3347A6385}"
EndProject
Project("{9A19103F-16F7-4668-BE54-9A1E7A4F7556}") = "ExchangeAdvisor.SignalRClient", "ExchangeAdvisor.SignalRClient\ExchangeAdvisor.SignalRClient.csproj", "{B7DDE354-FEB5-45B8-8540-68BB545EA857}"
EndProject
Project("{9A19103F-16F7-4668-BE54-9A1E7A4F7556}") = "ExchangeAdvisor.ML.SourceGenerator", "ML\ExchangeAdvisor.ML.SourceGenerator\ExchangeAdvisor.ML.SourceGenerator.csproj", "{FACE66F1-4924-4ADA-B797-0877425D196D}"
EndProject
Project("{9A19103F-16F7-4668-BE54-9A1E7A4F7556}") = "ExchangeAdvisor.ML.Model", "ML\ExchangeAdvisor.ML.Model\ExchangeAdvisor.ML.Model.csproj", "{04BBCB1A-D8F8-4446-8585-1130B262DC4F}"
EndProject
Project("{2150E333-8FDC-42A3-9474-1A3956D46DE8}") = "ML", "ML", "{4829DED5-5056-4399-869A-8512A0506D86}"
EndProject
Project("{9A19103F-16F7-4668-BE54-9A1E7A4F7556}") = "ExchangeAdvisor.DB", "ExchangeAdvisor.DB\ExchangeAdvisor.DB.csproj", "{B516A67F-53F9-4C3C-B0FB-6AE3E0871166}"
EndProject
Global
	GlobalSection(SolutionConfigurationPlatforms) = preSolution
		Debug|Any CPU = Debug|Any CPU
		Release|Any CPU = Release|Any CPU
	EndGlobalSection
	GlobalSection(ProjectConfigurationPlatforms) = postSolution
		{1C1155AB-EC37-47FF-A14D-3F83F5DA6BE5}.Debug|Any CPU.ActiveCfg = Debug|Any CPU
		{1C1155AB-EC37-47FF-A14D-3F83F5DA6BE5}.Debug|Any CPU.Build.0 = Debug|Any CPU
		{1C1155AB-EC37-47FF-A14D-3F83F5DA6BE5}.Release|Any CPU.ActiveCfg = Release|Any CPU
		{1C1155AB-EC37-47FF-A14D-3F83F5DA6BE5}.Release|Any CPU.Build.0 = Release|Any CPU
		{F5D10002-3F4C-4A8F-9151-C5C3347A6385}.Debug|Any CPU.ActiveCfg = Debug|Any CPU
		{F5D10002-3F4C-4A8F-9151-C5C3347A6385}.Debug|Any CPU.Build.0 = Debug|Any CPU
		{F5D10002-3F4C-4A8F-9151-C5C3347A6385}.Release|Any CPU.ActiveCfg = Release|Any CPU
		{F5D10002-3F4C-4A8F-9151-C5C3347A6385}.Release|Any CPU.Build.0 = Release|Any CPU
		{B7DDE354-FEB5-45B8-8540-68BB545EA857}.Debug|Any CPU.ActiveCfg = Debug|Any CPU
		{B7DDE354-FEB5-45B8-8540-68BB545EA857}.Debug|Any CPU.Build.0 = Debug|Any CPU
		{B7DDE354-FEB5-45B8-8540-68BB545EA857}.Release|Any CPU.ActiveCfg = Release|Any CPU
		{B7DDE354-FEB5-45B8-8540-68BB545EA857}.Release|Any CPU.Build.0 = Release|Any CPU
		{FACE66F1-4924-4ADA-B797-0877425D196D}.Debug|Any CPU.ActiveCfg = Debug|Any CPU
		{FACE66F1-4924-4ADA-B797-0877425D196D}.Debug|Any CPU.Build.0 = Debug|Any CPU
		{FACE66F1-4924-4ADA-B797-0877425D196D}.Release|Any CPU.ActiveCfg = Release|Any CPU
		{FACE66F1-4924-4ADA-B797-0877425D196D}.Release|Any CPU.Build.0 = Release|Any CPU
		{04BBCB1A-D8F8-4446-8585-1130B262DC4F}.Debug|Any CPU.ActiveCfg = Debug|Any CPU
		{04BBCB1A-D8F8-4446-8585-1130B262DC4F}.Debug|Any CPU.Build.0 = Debug|Any CPU
		{04BBCB1A-D8F8-4446-8585-1130B262DC4F}.Release|Any CPU.ActiveCfg = Release|Any CPU
		{04BBCB1A-D8F8-4446-8585-1130B262DC4F}.Release|Any CPU.Build.0 = Release|Any CPU
		{B516A67F-53F9-4C3C-B0FB-6AE3E0871166}.Debug|Any CPU.ActiveCfg = Debug|Any CPU
		{B516A67F-53F9-4C3C-B0FB-6AE3E0871166}.Debug|Any CPU.Build.0 = Debug|Any CPU
		{B516A67F-53F9-4C3C-B0FB-6AE3E0871166}.Release|Any CPU.ActiveCfg = Release|Any CPU
		{B516A67F-53F9-4C3C-B0FB-6AE3E0871166}.Release|Any CPU.Build.0 = Release|Any CPU
	EndGlobalSection
	GlobalSection(SolutionProperties) = preSolution
		HideSolutionNode = FALSE
	EndGlobalSection
	GlobalSection(NestedProjects) = preSolution
		{FACE66F1-4924-4ADA-B797-0877425D196D} = {4829DED5-5056-4399-869A-8512A0506D86}
		{04BBCB1A-D8F8-4446-8585-1130B262DC4F} = {4829DED5-5056-4399-869A-8512A0506D86}
	EndGlobalSection
	GlobalSection(ExtensibilityGlobals) = postSolution
		SolutionGuid = {40F56472-1620-40F0-BEDF-9005CB060419}
	EndGlobalSection
EndGlobal
